
Microsoft Visual Studio Solution File, Format Version 12.00
# Visual Studio Version 17
VisualStudioVersion = 17.2.32526.322
MinimumVisualStudioVersion = 10.0.40219.1
Project("{FAE04EC0-301F-11D3-BF4B-00C04F79EFBC}") = "SERVERIS", "5PRAKTINIS\SERVERIS.csproj", "{D174F603-4BC8-4B50-8921-D052B0E53071}"
EndProject
Project("{FAE04EC0-301F-11D3-BF4B-00C04F79EFBC}") = "SIUNTEJAS", "SIUNTEJAS\SIUNTEJAS.csproj", "{395DA224-9C3C-453B-8DDD-E9ADC8D612A2}"
EndProject
Project("{FAE04EC0-301F-11D3-BF4B-00C04F79EFBC}") = "GAVEJAS", "GAVEJAS\GAVEJAS.csproj", "{9213CB63-675F-4B29-B28E-968F5D585D99}"
EndProject
Global
	GlobalSection(SolutionConfigurationPlatforms) = preSolution
		Debug|Any CPU = Debug|Any CPU
		Release|Any CPU = Release|Any CPU
	EndGlobalSection
	GlobalSection(ProjectConfigurationPlatforms) = postSolution
		{D174F603-4BC8-4B50-8921-D052B0E53071}.Debug|Any CPU.ActiveCfg = Debug|Any CPU
		{D174F603-4BC8-4B50-8921-D052B0E53071}.Debug|Any CPU.Build.0 = Debug|Any CPU
		{D174F603-4BC8-4B50-8921-D052B0E53071}.Release|Any CPU.ActiveCfg = Release|Any CPU
		{D174F603-4BC8-4B50-8921-D052B0E53071}.Release|Any CPU.Build.0 = Release|Any CPU
		{395DA224-9C3C-453B-8DDD-E9ADC8D612A2}.Debug|Any CPU.ActiveCfg = Debug|Any CPU
		{395DA224-9C3C-453B-8DDD-E9ADC8D612A2}.Debug|Any CPU.Build.0 = Debug|Any CPU
		{395DA224-9C3C-453B-8DDD-E9ADC8D612A2}.Release|Any CPU.ActiveCfg = Release|Any CPU
		{395DA224-9C3C-453B-8DDD-E9ADC8D612A2}.Release|Any CPU.Build.0 = Release|Any CPU
		{9213CB63-675F-4B29-B28E-968F5D585D99}.Debug|Any CPU.ActiveCfg = Debug|Any CPU
		{9213CB63-675F-4B29-B28E-968F5D585D99}.Debug|Any CPU.Build.0 = Debug|Any CPU
		{9213CB63-675F-4B29-B28E-968F5D585D99}.Release|Any CPU.ActiveCfg = Release|Any CPU
		{9213CB63-675F-4B29-B28E-968F5D585D99}.Release|Any CPU.Build.0 = Release|Any CPU
	EndGlobalSection
	GlobalSection(SolutionProperties) = preSolution
		HideSolutionNode = FALSE
	EndGlobalSection
	GlobalSection(ExtensibilityGlobals) = postSolution
		SolutionGuid = {B828170D-24BC-4E05-AE93-F406C9DE6C64}
	EndGlobalSection
EndGlobal
